Microsoft Visual Studio Solution File, Format Version 12.00
# Visual Studio 15
VisualStudioVersion = 15.0.26430.4
MinimumVisualStudioVersion = 10.0.40219.1
Project("{9A19103F-16F7-4668-BE54-9A1E7A4F7556}") = "Dotbot.Example", "Dotbot.Example\Dotbot.Example.csproj", "{5EAE8857-D133-48E0-A1FF-2802E3C695E6}"
EndProject
Project("{9A19103F-16F7-4668-BE54-9A1E7A4F7556}") = "Dotbot", "Dotbot\Dotbot.csproj", "{693F1139-5FAB-4AC6-824A-9D40BE5C86B2}"
EndProject
Project("{9A19103F-16F7-4668-BE54-9A1E7A4F7556}") = "Dotbot.Slack", "Dotbot.Slack\Dotbot.Slack.csproj", "{9DDBD606-EC9C-4DB4-A245-B3DF7ADD1D4B}"
EndProject
Project("{FAE04EC0-301F-11D3-BF4B-00C04F79EFBC}") = "Dotbot.Tests", "Dotbot.Tests\Dotbot.Tests.csproj", "{5ED31B71-3E96-40CD-8A28-301F9AD7E85D}"
EndProject
Project("{2150E333-8FDC-42A3-9474-1A3956D46DE8}") = "Example", "Example", "{90E2BEB0-AC72-47B0-9A7D-25B2C9AB7D91}"
EndProject
Global
	GlobalSection(SolutionConfigurationPlatforms) = preSolution
		Debug|Any CPU = Debug|Any CPU
		Debug|x64 = Debug|x64
		Debug|x86 = Debug|x86
		Release|Any CPU = Release|Any CPU
		Release|x64 = Release|x64
		Release|x86 = Release|x86
	EndGlobalSection
	GlobalSection(ProjectConfigurationPlatforms) = postSolution
		{5EAE8857-D133-48E0-A1FF-2802E3C695E6}.Debug|Any CPU.ActiveCfg = Debug|Any CPU
		{5EAE8857-D133-48E0-A1FF-2802E3C695E6}.Debug|Any CPU.Build.0 = Debug|Any CPU
		{5EAE8857-D133-48E0-A1FF-2802E3C695E6}.Debug|x64.ActiveCfg = Debug|Any CPU
		{5EAE8857-D133-48E0-A1FF-2802E3C695E6}.Debug|x64.Build.0 = Debug|Any CPU
		{5EAE8857-D133-48E0-A1FF-2802E3C695E6}.Debug|x86.ActiveCfg = Debug|Any CPU
		{5EAE8857-D133-48E0-A1FF-2802E3C695E6}.Debug|x86.Build.0 = Debug|Any CPU
		{5EAE8857-D133-48E0-A1FF-2802E3C695E6}.Release|Any CPU.ActiveCfg = Release|Any CPU
		{5EAE8857-D133-48E0-A1FF-2802E3C695E6}.Release|Any CPU.Build.0 = Release|Any CPU
		{5EAE8857-D133-48E0-A1FF-2802E3C695E6}.Release|x64.ActiveCfg = Release|Any CPU
		{5EAE8857-D133-48E0-A1FF-2802E3C695E6}.Release|x64.Build.0 = Release|Any CPU
		{5EAE8857-D133-48E0-A1FF-2802E3C695E6}.Release|x86.ActiveCfg = Release|Any CPU
		{5EAE8857-D133-48E0-A1FF-2802E3C695E6}.Release|x86.Build.0 = Release|Any CPU
		{693F1139-5FAB-4AC6-824A-9D40BE5C86B2}.Debug|Any CPU.ActiveCfg = Debug|Any CPU
		{693F1139-5FAB-4AC6-824A-9D40BE5C86B2}.Debug|Any CPU.Build.0 = Debug|Any CPU
		{693F1139-5FAB-4AC6-824A-9D40BE5C86B2}.Debug|x64.ActiveCfg = Debug|Any CPU
		{693F1139-5FAB-4AC6-824A-9D40BE5C86B2}.Debug|x64.Build.0 = Debug|Any CPU
		{693F1139-5FAB-4AC6-824A-9D40BE5C86B2}.Debug|x86.ActiveCfg = Debug|Any CPU
		{693F1139-5FAB-4AC6-824A-9D40BE5C86B2}.Debug|x86.Build.0 = Debug|Any CPU
		{693F1139-5FAB-4AC6-824A-9D40BE5C86B2}.Release|Any CPU.ActiveCfg = Release|Any CPU
		{693F1139-5FAB-4AC6-824A-9D40BE5C86B2}.Release|Any CPU.Build.0 = Release|Any CPU
		{693F1139-5FAB-4AC6-824A-9D40BE5C86B2}.Release|x64.ActiveCfg = Release|Any CPU
		{693F1139-5FAB-4AC6-824A-9D40BE5C86B2}.Release|x64.Build.0 = Release|Any CPU
		{693F1139-5FAB-4AC6-824A-9D40BE5C86B2}.Release|x86.ActiveCfg = Release|Any CPU
		{693F1139-5FAB-4AC6-824A-9D40BE5C86B2}.Release|x86.Build.0 = Release|Any CPU
		{9DDBD606-EC9C-4DB4-A245-B3DF7ADD1D4B}.Debug|Any CPU.ActiveCfg = Debug|Any CPU
		{9DDBD606-EC9C-4DB4-A245-B3DF7ADD1D4B}.Debug|Any CPU.Build.0 = Debug|Any CPU
		{9DDBD606-EC9C-4DB4-A245-B3DF7ADD1D4B}.Debug|x64.ActiveCfg = Debug|Any CPU
		{9DDBD606-EC9C-4DB4-A245-B3DF7ADD1D4B}.Debug|x64.Build.0 = Debug|Any CPU
		{9DDBD606-EC9C-4DB4-A245-B3DF7ADD1D4B}.Debug|x86.ActiveCfg = Debug|Any CPU
		{9DDBD606-EC9C-4DB4-A245-B3DF7ADD1D4B}.Debug|x86.Build.0 = Debug|Any CPU
		{9DDBD606-EC9C-4DB4-A245-B3DF7ADD1D4B}.Release|Any CPU.ActiveCfg = Release|Any CPU
		{9DDBD606-EC9C-4DB4-A245-B3DF7ADD1D4B}.Release|Any CPU.Build.0 = Release|Any CPU
		{9DDBD606-EC9C-4DB4-A245-B3DF7ADD1D4B}.Release|x64.ActiveCfg = Release|Any CPU
		{9DDBD606-EC9C-4DB4-A245-B3DF7ADD1D4B}.Release|x64.Build.0 = Release|Any CPU
		{9DDBD606-EC9C-4DB4-A245-B3DF7ADD1D4B}.Release|x86.ActiveCfg = Release|Any CPU
		{9DDBD606-EC9C-4DB4-A245-B3DF7ADD1D4B}.Release|x86.Build.0 = Release|Any CPU
		{5ED31B71-3E96-40CD-8A28-301F9AD7E85D}.Debug|Any CPU.ActiveCfg = Debug|Any CPU
		{5ED31B71-3E96-40CD-8A28-301F9AD7E85D}.Debug|Any CPU.Build.0 = Debug|Any CPU
		{5ED31B71-3E96-40CD-8A28-301F9AD7E85D}.Debug|x64.ActiveCfg = Debug|Any CPU
		{5ED31B71-3E96-40CD-8A28-301F9AD7E85D}.Debug|x64.Build.0 = Debug|Any CPU
		{5ED31B71-3E96-40CD-8A28-301F9AD7E85D}.Debug|x86.ActiveCfg = Debug|Any CPU
		{5ED31B71-3E96-40CD-8A28-301F9AD7E85D}.Debug|x86.Build.0 = Debug|Any CPU
		{5ED31B71-3E96-40CD-8A28-301F9AD7E85D}.Release|Any CPU.ActiveCfg = Release|Any CPU
		{5ED31B71-3E96-40CD-8A28-301F9AD7E85D}.Release|Any CPU.Build.0 = Release|Any CPU
		{5ED31B71-3E96-40CD-8A28-301F9AD7E85D}.Release|x64.ActiveCfg = Release|Any CPU
		{5ED31B71-3E96-40CD-8A28-301F9AD7E85D}.Release|x64.Build.0 = Release|Any CPU
		{5ED31B71-3E96-40CD-8A28-301F9AD7E85D}.Release|x86.ActiveCfg = Release|Any CPU
		{5ED31B71-3E96-40CD-8A28-301F9AD7E85D}.Release|x86.Build.0 = Release|Any CPU
	EndGlobalSection
	GlobalSection(SolutionProperties) = preSolution
		HideSolutionNode = FALSE
	EndGlobalSection
	GlobalSection(NestedProjects) = preSolution
		{5EAE8857-D133-48E0-A1FF-2802E3C695E6} = {90E2BEB0-AC72-47B0-9A7D-25B2C9AB7D91}
	EndGlobalSection
EndGlobal
